
Microsoft Visual Studio Solution File, Format Version 12.00
# Visual Studio Version 16
VisualStudioVersion = 16.0.32106.194
MinimumVisualStudioVersion = 10.0.40219.1
Project("{2150E333-8FDC-42A3-9474-1A3956D46DE8}") = "Services", "Services", "{571BFC77-F690-485B-A13B-5FCF0143ACED}"
EndProject
Project("{2150E333-8FDC-42A3-9474-1A3956D46DE8}") = "Catalog", "Catalog", "{58DE8560-E45D-4E0E-AD12-691F98B6619C}"
EndProject
Project("{2150E333-8FDC-42A3-9474-1A3956D46DE8}") = "Solution Items", "Solution Items", "{1E5C78ED-361E-4C8B-BFC2-7F977689E565}"
	ProjectSection(SolutionItems) = preProject
		Ports.txt = Ports.txt
	EndProjectSection
EndProject
Project("{2150E333-8FDC-42A3-9474-1A3956D46DE8}") = "Shared", "Shared", "{03532964-7ECD-4B8E-A686-239461D12E41}"
EndProject
Project("{9A19103F-16F7-4668-BE54-9A1E7A4F7556}") = "FreeCourse.Shared", "Shared\FreeCourse.Shared\FreeCourse.Shared.csproj", "{648E768F-A996-49A5-B344-5444DA571FCB}"
EndProject
Project("{2150E333-8FDC-42A3-9474-1A3956D46DE8}") = "IdentityServer", "IdentityServer", "{BF144E39-A453-459F-9053-B0019BD24F5D}"
EndProject
Project("{9A19103F-16F7-4668-BE54-9A1E7A4F7556}") = "FreeCourse.IdentityServer", "IdentityServer\FreeCourse.IdentityServer\FreeCourse.IdentityServer.csproj", "{7C49086F-F36C-4801-8562-5C036CAB89E6}"
EndProject
Project("{9A19103F-16F7-4668-BE54-9A1E7A4F7556}") = "FreeCourse.Services.Catalog", "Services\Catalog\FreeCourse.Services.Catalog\FreeCourse.Services.Catalog.csproj", "{C1AADBBE-D021-4349-BADD-E85692E66422}"
EndProject
Project("{2150E333-8FDC-42A3-9474-1A3956D46DE8}") = "ImageStock", "ImageStock", "{3FF4FE08-6BEA-43CD-B8CA-53E6AB139B51}"
EndProject
Project("{2150E333-8FDC-42A3-9474-1A3956D46DE8}") = "Basket", "Basket", "{73C7E471-6302-492A-8836-1B10CC59E221}"
EndProject
Project("{9A19103F-16F7-4668-BE54-9A1E7A4F7556}") = "FreeCourse.Services.Basket", "Services\Basket\FreeCourse.Services.Basket\FreeCourse.Services.Basket.csproj", "{88251ABC-1FB6-4527-B848-CEE66718D219}"
EndProject
Project("{2150E333-8FDC-42A3-9474-1A3956D46DE8}") = "Discount", "Discount", "{D73DB9EE-C09C-4523-BF9C-41701B47CECA}"
EndProject
Project("{9A19103F-16F7-4668-BE54-9A1E7A4F7556}") = "FreeCourse.Services.Discount", "Services\Discount\FreeCourse.Services.Discount\FreeCourse.Services.Discount.csproj", "{98FAB729-1F9B-43AB-B227-51818FA1AAEB}"
EndProject
Project("{9A19103F-16F7-4668-BE54-9A1E7A4F7556}") = "FreeCourse.Services.ImageStock", "Services\ImageStock\FreeCourse.Services.ImageStock\FreeCourse.Services.ImageStock.csproj", "{5E96FCD3-DAD7-4000-BEEC-58166CBE2DF3}"
EndProject
Project("{2150E333-8FDC-42A3-9474-1A3956D46DE8}") = "Order", "Order", "{380EF877-1BD5-4F5D-BFA8-083D8452BB53}"
EndProject
Project("{9A19103F-16F7-4668-BE54-9A1E7A4F7556}") = "FreeCourse.Services.Order.API", "Services\Order\FreeCourse.Services.Order.API\FreeCourse.Services.Order.API.csproj", "{EB44D821-B066-4124-ACDD-136E49D2269C}"
EndProject
Project("{9A19103F-16F7-4668-BE54-9A1E7A4F7556}") = "FreeCourse.Services.Order.Application", "Services\Order\FreeCourse.Services.Order.Application\FreeCourse.Services.Order.Application.csproj", "{40B6F659-EDFA-4526-AC65-5EECFBF17D33}"
EndProject
Project("{9A19103F-16F7-4668-BE54-9A1E7A4F7556}") = "FreeCourse.Services.Order.Domain", "Services\Order\FreeCourse.Services.Order.Domain\FreeCourse.Services.Order.Domain.csproj", "{E46B5E58-C73F-4413-A3C8-CBC33E5BE7E3}"
EndProject
Project("{9A19103F-16F7-4668-BE54-9A1E7A4F7556}") = "FreeCourse.Services.Order.Domain.Core", "Services\Order\FreeCourse.Services.Order.Domain.Core\FreeCourse.Services.Order.Domain.Core.csproj", "{0D3EAC33-B9F0-4D88-9F3C-3142B2282C87}"
EndProject
Project("{9A19103F-16F7-4668-BE54-9A1E7A4F7556}") = "FreeCourse.Services.Order.Infrastructure", "Services\Order\FreeCourse.Services.Order.Infrastructure\FreeCourse.Services.Order.Infrastructure.csproj", "{5A16169F-51DA-4161-BEA0-1B0B8A2B9146}"
EndProject
Project("{2150E333-8FDC-42A3-9474-1A3956D46DE8}") = "FakePayment", "FakePayment", "{5657BD57-EE16-4F81-B755-845BA3351C01}"
EndProject
Project("{9A19103F-16F7-4668-BE54-9A1E7A4F7556}") = "FreeCourse.Services.FakePayment", "Services\FakePayment\FreeCourse.Services.FakePayment\FreeCourse.Services.FakePayment.csproj", "{ADE39527-227C-4910-9598-C1E6D949ED0A}"
EndProject
Project("{2150E333-8FDC-42A3-9474-1A3956D46DE8}") = "Gateways", "Gateways", "{DBF01E3C-B83F-43C3-94A3-7062EB64E60F}"
EndProject
Project("{9A19103F-16F7-4668-BE54-9A1E7A4F7556}") = "FreeCourse.Gateway", "FreeCourse.Gateway\FreeCourse.Gateway.csproj", "{E6874A05-7D34-4FFD-9BF4-1D4F489189AA}"
EndProject
Project("{2150E333-8FDC-42A3-9474-1A3956D46DE8}") = "CoreMVC", "CoreMVC", "{AE84E2A7-49C5-412D-B20F-416DBF51E1D6}"
EndProject
Project("{9A19103F-16F7-4668-BE54-9A1E7A4F7556}") = "FreeCourse.WebUI", "CoreMVC\FreeCourse.WebUI\FreeCourse.WebUI.csproj", "{16EDB0C9-7971-4D87-97EF-CC30A32982A1}"
EndProject
Project("{E53339B2-1760-4266-BCC7-CA923CBCF16C}") = "docker-compose", "docker-compose.dcproj", "{DED5334C-540A-4181-8A15-18364D692C20}"
EndProject
Global
	GlobalSection(SolutionConfigurationPlatforms) = preSolution
		Debug|Any CPU = Debug|Any CPU
		Release|Any CPU = Release|Any CPU
	EndGlobalSection
	GlobalSection(ProjectConfigurationPlatforms) = postSolution
		{648E768F-A996-49A5-B344-5444DA571FCB}.Debug|Any CPU.ActiveCfg = Debug|Any CPU
		{648E768F-A996-49A5-B344-5444DA571FCB}.Debug|Any CPU.Build.0 = Debug|Any CPU
		{648E768F-A996-49A5-B344-5444DA571FCB}.Release|Any CPU.ActiveCfg = Release|Any CPU
		{648E768F-A996-49A5-B344-5444DA571FCB}.Release|Any CPU.Build.0 = Release|Any CPU
		{7C49086F-F36C-4801-8562-5C036CAB89E6}.Debug|Any CPU.ActiveCfg = Debug|Any CPU
		{7C49086F-F36C-4801-8562-5C036CAB89E6}.Debug|Any CPU.Build.0 = Debug|Any CPU
		{7C49086F-F36C-4801-8562-5C036CAB89E6}.Release|Any CPU.ActiveCfg = Release|Any CPU
		{7C49086F-F36C-4801-8562-5C036CAB89E6}.Release|Any CPU.Build.0 = Release|Any CPU
		{C1AADBBE-D021-4349-BADD-E85692E66422}.Debug|Any CPU.ActiveCfg = Debug|Any CPU
		{C1AADBBE-D021-4349-BADD-E85692E66422}.Debug|Any CPU.Build.0 = Debug|Any CPU
		{C1AADBBE-D021-4349-BADD-E85692E66422}.Release|Any CPU.ActiveCfg = Release|Any CPU
		{C1AADBBE-D021-4349-BADD-E85692E66422}.Release|Any CPU.Build.0 = Release|Any CPU
		{88251ABC-1FB6-4527-B848-CEE66718D219}.Debug|Any CPU.ActiveCfg = Debug|Any CPU
		{88251ABC-1FB6-4527-B848-CEE66718D219}.Debug|Any CPU.Build.0 = Debug|Any CPU
		{88251ABC-1FB6-4527-B848-CEE66718D219}.Release|Any CPU.ActiveCfg = Release|Any CPU
		{88251ABC-1FB6-4527-B848-CEE66718D219}.Release|Any CPU.Build.0 = Release|Any CPU
		{98FAB729-1F9B-43AB-B227-51818FA1AAEB}.Debug|Any CPU.ActiveCfg = Debug|Any CPU
		{98FAB729-1F9B-43AB-B227-51818FA1AAEB}.Debug|Any CPU.Build.0 = Debug|Any CPU
		{98FAB729-1F9B-43AB-B227-51818FA1AAEB}.Release|Any CPU.ActiveCfg = Release|Any CPU
		{98FAB729-1F9B-43AB-B227-51818FA1AAEB}.Release|Any CPU.Build.0 = Release|Any CPU
		{5E96FCD3-DAD7-4000-BEEC-58166CBE2DF3}.Debug|Any CPU.ActiveCfg = Debug|Any CPU
		{5E96FCD3-DAD7-4000-BEEC-58166CBE2DF3}.Debug|Any CPU.Build.0 = Debug|Any CPU
		{5E96FCD3-DAD7-4000-BEEC-58166CBE2DF3}.Release|Any CPU.ActiveCfg = Release|Any CPU
		{5E96FCD3-DAD7-4000-BEEC-58166CBE2DF3}.Release|Any CPU.Build.0 = Release|Any CPU
		{EB44D821-B066-4124-ACDD-136E49D2269C}.Debug|Any CPU.ActiveCfg = Debug|Any CPU
		{EB44D821-B066-4124-ACDD-136E49D2269C}.Debug|Any CPU.Build.0 = Debug|Any CPU
		{EB44D821-B066-4124-ACDD-136E49D2269C}.Release|Any CPU.ActiveCfg = Release|Any CPU
		{EB44D821-B066-4124-ACDD-136E49D2269C}.Release|Any CPU.Build.0 = Release|Any CPU
		{40B6F659-EDFA-4526-AC65-5EECFBF17D33}.Debug|Any CPU.ActiveCfg = Debug|Any CPU
		{40B6F659-EDFA-4526-AC65-5EECFBF17D33}.Debug|Any CPU.Build.0 = Debug|Any CPU
		{40B6F659-EDFA-4526-AC65-5EECFBF17D33}.Release|Any CPU.ActiveCfg = Release|Any CPU
		{40B6F659-EDFA-4526-AC65-5EECFBF17D33}.Release|Any CPU.Build.0 = Release|Any CPU
		{E46B5E58-C73F-4413-A3C8-CBC33E5BE7E3}.Debug|Any CPU.ActiveCfg = Debug|Any CPU
		{E46B5E58-C73F-4413-A3C8-CBC33E5BE7E3}.Debug|Any CPU.Build.0 = Debug|Any CPU
		{E46B5E58-C73F-4413-A3C8-CBC33E5BE7E3}.Release|Any CPU.ActiveCfg = Release|Any CPU
		{E46B5E58-C73F-4413-A3C8-CBC33E5BE7E3}.Release|Any CPU.Build.0 = Release|Any CPU
		{0D3EAC33-B9F0-4D88-9F3C-3142B2282C87}.Debug|Any CPU.ActiveCfg = Debug|Any CPU
		{0D3EAC33-B9F0-4D88-9F3C-3142B2282C87}.Debug|Any CPU.Build.0 = Debug|Any CPU
		{0D3EAC33-B9F0-4D88-9F3C-3142B2282C87}.Release|Any CPU.ActiveCfg = Release|Any CPU
		{0D3EAC33-B9F0-4D88-9F3C-3142B2282C87}.Release|Any CPU.Build.0 = Release|Any CPU
		{5A16169F-51DA-4161-BEA0-1B0B8A2B9146}.Debug|Any CPU.ActiveCfg = Debug|Any CPU
		{5A16169F-51DA-4161-BEA0-1B0B8A2B9146}.Debug|Any CPU.Build.0 = Debug|Any CPU
		{5A16169F-51DA-4161-BEA0-1B0B8A2B9146}.Release|Any CPU.ActiveCfg = Release|Any CPU
		{5A16169F-51DA-4161-BEA0-1B0B8A2B9146}.Release|Any CPU.Build.0 = Release|Any CPU
		{ADE39527-227C-4910-9598-C1E6D949ED0A}.Debug|Any CPU.ActiveCfg = Debug|Any CPU
		{ADE39527-227C-4910-9598-C1E6D949ED0A}.Debug|Any CPU.Build.0 = Debug|Any CPU
		{ADE39527-227C-4910-9598-C1E6D949ED0A}.Release|Any CPU.ActiveCfg = Release|Any CPU
		{ADE39527-227C-4910-9598-C1E6D949ED0A}.Release|Any CPU.Build.0 = Release|Any CPU
		{E6874A05-7D34-4FFD-9BF4-1D4F489189AA}.Debug|Any CPU.ActiveCfg = Debug|Any CPU
		{E6874A05-7D34-4FFD-9BF4-1D4F489189AA}.Debug|Any CPU.Build.0 = Debug|Any CPU
		{E6874A05-7D34-4FFD-9BF4-1D4F489189AA}.Release|Any CPU.ActiveCfg = Release|Any CPU
		{E6874A05-7D34-4FFD-9BF4-1D4F489189AA}.Release|Any CPU.Build.0 = Release|Any CPU
		{16EDB0C9-7971-4D87-97EF-CC30A32982A1}.Debug|Any CPU.ActiveCfg = Debug|Any CPU
		{16EDB0C9-7971-4D87-97EF-CC30A32982A1}.Debug|Any CPU.Build.0 = Debug|Any CPU
		{16EDB0C9-7971-4D87-97EF-CC30A32982A1}.Release|Any CPU.ActiveCfg = Release|Any CPU
		{16EDB0C9-7971-4D87-97EF-CC30A32982A1}.Release|Any CPU.Build.0 = Release|Any CPU
		{DED5334C-540A-4181-8A15-18364D692C20}.Debug|Any CPU.ActiveCfg = Debug|Any CPU
		{DED5334C-540A-4181-8A15-18364D692C20}.Debug|Any CPU.Build.0 = Debug|Any CPU
		{DED5334C-540A-4181-8A15-18364D692C20}.Release|Any CPU.ActiveCfg = Release|Any CPU
		{DED5334C-540A-4181-8A15-18364D692C20}.Release|Any CPU.Build.0 = Release|Any CPU
	EndGlobalSection
	GlobalSection(SolutionProperties) = preSolution
		HideSolutionNode = FALSE
	EndGlobalSection
	GlobalSection(NestedProjects) = preSolution
		{58DE8560-E45D-4E0E-AD12-691F98B6619C} = {571BFC77-F690-485B-A13B-5FCF0143ACED}
		{648E768F-A996-49A5-B344-5444DA571FCB} = {03532964-7ECD-4B8E-A686-239461D12E41}
		{7C49086F-F36C-4801-8562-5C036CAB89E6} = {BF144E39-A453-459F-9053-B0019BD24F5D}
		{C1AADBBE-D021-4349-BADD-E85692E66422} = {58DE8560-E45D-4E0E-AD12-691F98B6619C}
		{3FF4FE08-6BEA-43CD-B8CA-53E6AB139B51} = {571BFC77-F690-485B-A13B-5FCF0143ACED}
		{73C7E471-6302-492A-8836-1B10CC59E221} = {571BFC77-F690-485B-A13B-5FCF0143ACED}
		{88251ABC-1FB6-4527-B848-CEE66718D219} = {73C7E471-6302-492A-8836-1B10CC59E221}
		{D73DB9EE-C09C-4523-BF9C-41701B47CECA} = {571BFC77-F690-485B-A13B-5FCF0143ACED}
		{98FAB729-1F9B-43AB-B227-51818FA1AAEB} = {D73DB9EE-C09C-4523-BF9C-41701B47CECA}
		{5E96FCD3-DAD7-4000-BEEC-58166CBE2DF3} = {3FF4FE08-6BEA-43CD-B8CA-53E6AB139B51}
		{380EF877-1BD5-4F5D-BFA8-083D8452BB53} = {571BFC77-F690-485B-A13B-5FCF0143ACED}
		{EB44D821-B066-4124-ACDD-136E49D2269C} = {380EF877-1BD5-4F5D-BFA8-083D8452BB53}
		{40B6F659-EDFA-4526-AC65-5EECFBF17D33} = {380EF877-1BD5-4F5D-BFA8-083D8452BB53}
		{E46B5E58-C73F-4413-A3C8-CBC33E5BE7E3} = {380EF877-1BD5-4F5D-BFA8-083D8452BB53}
		{0D3EAC33-B9F0-4D88-9F3C-3142B2282C87} = {380EF877-1BD5-4F5D-BFA8-083D8452BB53}
		{5A16169F-51DA-4161-BEA0-1B0B8A2B9146} = {380EF877-1BD5-4F5D-BFA8-083D8452BB53}
		{5657BD57-EE16-4F81-B755-845BA3351C01} = {571BFC77-F690-485B-A13B-5FCF0143ACED}
		{ADE39527-227C-4910-9598-C1E6D949ED0A} = {5657BD57-EE16-4F81-B755-845BA3351C01}
		{E6874A05-7D34-4FFD-9BF4-1D4F489189AA} = {DBF01E3C-B83F-43C3-94A3-7062EB64E60F}
		{16EDB0C9-7971-4D87-97EF-CC30A32982A1} = {AE84E2A7-49C5-412D-B20F-416DBF51E1D6}
	EndGlobalSection
	GlobalSection(ExtensibilityGlobals) = postSolution
		SolutionGuid = {7C7033FC-535E-4A6F-86BE-A6905E1EF08C}
	EndGlobalSection
EndGlobal
